
Microsoft Visual Studio Solution File, Format Version 12.00
# Visual Studio 2013
VisualStudioVersion = 12.0.21005.1
MinimumVisualStudioVersion = 10.0.40219.1
Project("{FAE04EC0-301F-11D3-BF4B-00C04F79EFBC}") = "GUI", "GUI\GUI.csproj", "{3320939A-4EB5-4F79-A07D-F85381C010B1}"
EndProject
Project("{FAE04EC0-301F-11D3-BF4B-00C04F79EFBC}") = "BUS", "BUS\BUS.csproj", "{B203E9AA-903E-4D05-AC06-0AB9E738FBDB}"
EndProject
Project("{FAE04EC0-301F-11D3-BF4B-00C04F79EFBC}") = "DAO", "DAO\DAO.csproj", "{74068116-A801-4CBA-92FF-C7A4F217AED8}"
EndProject
Project("{FAE04EC0-301F-11D3-BF4B-00C04F79EFBC}") = "DTO", "DTO\DTO.csproj", "{B20CC6AD-D7AA-4801-88AA-3AE733C2D777}"
EndProject
Global
	GlobalSection(SolutionConfigurationPlatforms) = preSolution
		Debug|Any CPU = Debug|Any CPU
		Release|Any CPU = Release|Any CPU
	EndGlobalSection
	GlobalSection(ProjectConfigurationPlatforms) = postSolution
		{3320939A-4EB5-4F79-A07D-F85381C010B1}.Debug|Any CPU.ActiveCfg = Debug|Any CPU
		{3320939A-4EB5-4F79-A07D-F85381C010B1}.Debug|Any CPU.Build.0 = Debug|Any CPU
		{3320939A-4EB5-4F79-A07D-F85381C010B1}.Release|Any CPU.ActiveCfg = Release|Any CPU
		{3320939A-4EB5-4F79-A07D-F85381C010B1}.Release|Any CPU.Build.0 = Release|Any CPU
		{B203E9AA-903E-4D05-AC06-0AB9E738FBDB}.Debug|Any CPU.ActiveCfg = Debug|Any CPU
		{B203E9AA-903E-4D05-AC06-0AB9E738FBDB}.Debug|Any CPU.Build.0 = Debug|Any CPU
		{B203E9AA-903E-4D05-AC06-0AB9E738FBDB}.Release|Any CPU.ActiveCfg = Release|Any CPU
		{B203E9AA-903E-4D05-AC06-0AB9E738FBDB}.Release|Any CPU.Build.0 = Release|Any CPU
		{74068116-A801-4CBA-92FF-C7A4F217AED8}.Debug|Any CPU.ActiveCfg = Debug|Any CPU
		{74068116-A801-4CBA-92FF-C7A4F217AED8}.Debug|Any CPU.Build.0 = Debug|Any CPU
		{74068116-A801-4CBA-92FF-C7A4F217AED8}.Release|Any CPU.ActiveCfg = Release|Any CPU
		{74068116-A801-4CBA-92FF-C7A4F217AED8}.Release|Any CPU.Build.0 = Release|Any CPU
		{B20CC6AD-D7AA-4801-88AA-3AE733C2D777}.Debug|Any CPU.ActiveCfg = Debug|Any CPU
		{B20CC6AD-D7AA-4801-88AA-3AE733C2D777}.Debug|Any CPU.Build.0 = Debug|Any CPU
		{B20CC6AD-D7AA-4801-88AA-3AE733C2D777}.Release|Any CPU.ActiveCfg = Release|Any CPU
		{B20CC6AD-D7AA-4801-88AA-3AE733C2D777}.Release|Any CPU.Build.0 = Release|Any CPU
	EndGlobalSection
	GlobalSection(SolutionProperties) = preSolution
		HideSolutionNode = FALSE
	EndGlobalSection
EndGlobal
